
Microsoft Visual Studio Solution File, Format Version 12.00
# Visual Studio Version 17
VisualStudioVersion = 17.10.34916.146
MinimumVisualStudioVersion = 10.0.40219.1
Project("{FAE04EC0-301F-11D3-BF4B-00C04F79EFBC}") = "LeaveManagementSystem", "LeaveManagementSystem\LeaveManagementSystem.csproj", "{5B827F4D-F07B-4573-AF9D-83D5279F514F}"
EndProject
Global
	GlobalSection(SolutionConfigurationPlatforms) = preSolution
		Debug|Any CPU = Debug|Any CPU
		Release|Any CPU = Release|Any CPU
	EndGlobalSection
	GlobalSection(ProjectConfigurationPlatforms) = postSolution
		{5B827F4D-F07B-4573-AF9D-83D5279F514F}.Debug|Any CPU.ActiveCfg = Debug|Any CPU
		{5B827F4D-F07B-4573-AF9D-83D5279F514F}.Debug|Any CPU.Build.0 = Debug|Any CPU
		{5B827F4D-F07B-4573-AF9D-83D5279F514F}.Release|Any CPU.ActiveCfg = Release|Any CPU
		{5B827F4D-F07B-4573-AF9D-83D5279F514F}.Release|Any CPU.Build.0 = Release|Any CPU
	EndGlobalSection
	GlobalSection(SolutionProperties) = preSolution
		HideSolutionNode = FALSE
	EndGlobalSection
	GlobalSection(ExtensibilityGlobals) = postSolution
		SolutionGuid = {030B7C16-60BA-4672-A4A2-28FA88C3F359}
	EndGlobalSection
EndGlobal
