
Microsoft Visual Studio Solution File, Format Version 12.00
# Visual Studio Version 17
VisualStudioVersion = 17.10.34916.146
MinimumVisualStudioVersion = 10.0.40219.1
Project("{9A19103F-16F7-4668-BE54-9A1E7A4F7556}") = "LeaveManagementSystem", "LeaveManagementSystem\LeaveManagementSystem.csproj", "{5B827F4D-F07B-4573-AF9D-83D5279F514F}"
EndProject
Project("{FAE04EC0-301F-11D3-BF4B-00C04F79EFBC}") = "LeaveManagementSystem.Common", "LeaveManagementSystem.Common\LeaveManagementSystem.Common.csproj", "{7D186195-2036-4BE2-987F-7F63EFFB970C}"
EndProject
Project("{FAE04EC0-301F-11D3-BF4B-00C04F79EFBC}") = "LeaveManagementSystem.Data", "LeaveManagementSystem.Data\LeaveManagementSystem.Data.csproj", "{B9A940BF-954C-4D86-A99B-1A910221FFC1}"
EndProject
Project("{FAE04EC0-301F-11D3-BF4B-00C04F79EFBC}") = "LeaveManagementSystem.Application", "LeaveManagementSystem.Application\LeaveManagementSystem.Application.csproj", "{132A3105-AAD1-4289-8D57-ACC6361CD30B}"
EndProject
Global
	GlobalSection(SolutionConfigurationPlatforms) = preSolution
		Debug|Any CPU = Debug|Any CPU
		Release|Any CPU = Release|Any CPU
	EndGlobalSection
	GlobalSection(ProjectConfigurationPlatforms) = postSolution
		{5B827F4D-F07B-4573-AF9D-83D5279F514F}.Debug|Any CPU.ActiveCfg = Debug|Any CPU
		{5B827F4D-F07B-4573-AF9D-83D5279F514F}.Debug|Any CPU.Build.0 = Debug|Any CPU
		{5B827F4D-F07B-4573-AF9D-83D5279F514F}.Release|Any CPU.ActiveCfg = Release|Any CPU
		{5B827F4D-F07B-4573-AF9D-83D5279F514F}.Release|Any CPU.Build.0 = Release|Any CPU
		{7D186195-2036-4BE2-987F-7F63EFFB970C}.Debug|Any CPU.ActiveCfg = Debug|Any CPU
		{7D186195-2036-4BE2-987F-7F63EFFB970C}.Debug|Any CPU.Build.0 = Debug|Any CPU
		{7D186195-2036-4BE2-987F-7F63EFFB970C}.Release|Any CPU.ActiveCfg = Release|Any CPU
		{7D186195-2036-4BE2-987F-7F63EFFB970C}.Release|Any CPU.Build.0 = Release|Any CPU
		{B9A940BF-954C-4D86-A99B-1A910221FFC1}.Debug|Any CPU.ActiveCfg = Debug|Any CPU
		{B9A940BF-954C-4D86-A99B-1A910221FFC1}.Debug|Any CPU.Build.0 = Debug|Any CPU
		{B9A940BF-954C-4D86-A99B-1A910221FFC1}.Release|Any CPU.ActiveCfg = Release|Any CPU
		{B9A940BF-954C-4D86-A99B-1A910221FFC1}.Release|Any CPU.Build.0 = Release|Any CPU
		{132A3105-AAD1-4289-8D57-ACC6361CD30B}.Debug|Any CPU.ActiveCfg = Debug|Any CPU
		{132A3105-AAD1-4289-8D57-ACC6361CD30B}.Debug|Any CPU.Build.0 = Debug|Any CPU
		{132A3105-AAD1-4289-8D57-ACC6361CD30B}.Release|Any CPU.ActiveCfg = Release|Any CPU
		{132A3105-AAD1-4289-8D57-ACC6361CD30B}.Release|Any CPU.Build.0 = Release|Any CPU
	EndGlobalSection
	GlobalSection(SolutionProperties) = preSolution
		HideSolutionNode = FALSE
	EndGlobalSection
	GlobalSection(ExtensibilityGlobals) = postSolution
		SolutionGuid = {030B7C16-60BA-4672-A4A2-28FA88C3F359}
	EndGlobalSection
EndGlobal
